// !$*UTF8*$!
{
	archiveVersion = 1;
	classes = {
	};
	objectVersion = 50;
	objects = {

/* Begin PBXBuildFile section */
		8984A66A20C8B74600679882 /* AppDelegate.swift in Sources */ = {isa = PBXBuildFile; fileRef = 8984A66920C8B74600679882 /* AppDelegate.swift */; };
		8984A66C20C8B74600679882 /* ViewController.swift in Sources */ = {isa = PBXBuildFile; fileRef = 8984A66B20C8B74600679882 /* ViewController.swift */; };
		8984A66F20C8B74600679882 /* Main.storyboard in Resources */ = {isa = PBXBuildFile; fileRef = 8984A66D20C8B74600679882 /* Main.storyboard */; };
		8984A67120C8B74800679882 /* Assets.xcassets in Resources */ = {isa = PBXBuildFile; fileRef = 8984A67020C8B74800679882 /* Assets.xcassets */; };
		8984A67420C8B74800679882 /* LaunchScreen.storyboard in Resources */ = {isa = PBXBuildFile; fileRef = 8984A67220C8B74800679882 /* LaunchScreen.storyboard */; };
		8984A67F20C8B74800679882 /* faide_lens_demoTests.swift in Sources */ = {isa = PBXBuildFile; fileRef = 8984A67E20C8B74800679882 /* faide_lens_demoTests.swift */; };
		8984A68A20C8B74800679882 /* faide_lens_demoUITests.swift in Sources */ = {isa = PBXBuildFile; fileRef = 8984A68920C8B74800679882 /* faide_lens_demoUITests.swift */; };
/* End PBXBuildFile section */

/* Begin PBXContainerItemProxy section */
		8984A67B20C8B74800679882 /* PBXContainerItemProxy */ = {
			isa = PBXContainerItemProxy;
			containerPortal = 8984A65E20C8B74600679882 /* Project object */;
			proxyType = 1;
			remoteGlobalIDString = 8984A66520C8B74600679882;
			remoteInfo = "faide-lens-demo";
		};
		8984A68620C8B74800679882 /* PBXContainerItemProxy */ = {
			isa = PBXContainerItemProxy;
			containerPortal = 8984A65E20C8B74600679882 /* Project object */;
			proxyType = 1;
			remoteGlobalIDString = 8984A66520C8B74600679882;
			remoteInfo = "faide-lens-demo";
		};
/* End PBXContainerItemProxy section */

/* Begin PBXFileReference section */
		8984A66620C8B74600679882 /* faide-lens-demo.app */ = {isa = PBXFileReference; explicitFileType = wrapper.application; includeInIndex = 0; path = "faide-lens-demo.app"; sourceTree = BUILT_PRODUCTS_DIR; };
		8984A66920C8B74600679882 /* AppDelegate.swift */ = {isa = PBXFileReference; lastKnownFileType = sourcecode.swift; path = AppDelegate.swift; sourceTree = "<group>"; };
		8984A66B20C8B74600679882 /* ViewController.swift */ = {isa = PBXFileReference; lastKnownFileType = sourcecode.swift; path = ViewController.swift; sourceTree = "<group>"; };
		8984A66E20C8B74600679882 /* Base */ = {isa = PBXFileReference; lastKnownFileType = file.storyboard; name = Base; path = Base.lproj/Main.storyboard; sourceTree = "<group>"; };
		8984A67020C8B74800679882 /* Assets.xcassets */ = {isa = PBXFileReference; lastKnownFileType = folder.assetcatalog; path = Assets.xcassets; sourceTree = "<group>"; };
		8984A67320C8B74800679882 /* Base */ = {isa = PBXFileReference; lastKnownFileType = file.storyboard; name = Base; path = Base.lproj/LaunchScreen.storyboard; sourceTree = "<group>"; };
		8984A67520C8B74800679882 /* Info.plist */ = {isa = PBXFileReference; lastKnownFileType = text.plist.xml; path = Info.plist; sourceTree = "<group>"; };
		8984A67A20C8B74800679882 /* faide-lens-demoTests.xctest */ = {isa = PBXFileReference; explicitFileType = wrapper.cfbundle; includeInIndex = 0; path = "faide-lens-demoTests.xctest"; sourceTree = BUILT_PRODUCTS_DIR; };
		8984A67E20C8B74800679882 /* faide_lens_demoTests.swift */ = {isa = PBXFileReference; lastKnownFileType = sourcecode.swift; path = faide_lens_demoTests.swift; sourceTree = "<group>"; };
		8984A68020C8B74800679882 /* Info.plist */ = {isa = PBXFileReference; lastKnownFileType = text.plist.xml; path = Info.plist; sourceTree = "<group>"; };
		8984A68520C8B74800679882 /* faide-lens-demoUITests.xctest */ = {isa = PBXFileReference; explicitFileType = wrapper.cfbundle; includeInIndex = 0; path = "faide-lens-demoUITests.xctest"; sourceTree = BUILT_PRODUCTS_DIR; };
		8984A68920C8B74800679882 /* faide_lens_demoUITests.swift */ = {isa = PBXFileReference; lastKnownFileType = sourcecode.swift; path = faide_lens_demoUITests.swift; sourceTree = "<group>"; };
		8984A68B20C8B74800679882 /* Info.plist */ = {isa = PBXFileReference; lastKnownFileType = text.plist.xml; path = Info.plist; sourceTree = "<group>"; };
/* End PBXFileReference section */

/* Begin PBXFrameworksBuildPhase section */
		8984A66320C8B74600679882 /* Frameworks */ = {
			isa = PBXFrameworksBuildPhase;
			buildActionMask = 2147483647;
			files = (
			);
			runOnlyForDeploymentPostprocessing = 0;
		};
		8984A67720C8B74800679882 /* Frameworks */ = {
			isa = PBXFrameworksBuildPhase;
			buildActionMask = 2147483647;
			files = (
			);
			runOnlyForDeploymentPostprocessing = 0;
		};
		8984A68220C8B74800679882 /* Frameworks */ = {
			isa = PBXFrameworksBuildPhase;
			buildActionMask = 2147483647;
			files = (
			);
			runOnlyForDeploymentPostprocessing = 0;
		};
/* End PBXFrameworksBuildPhase section */

/* Begin PBXGroup section */
		8984A65D20C8B74600679882 = {
			isa = PBXGroup;
			children = (
				8984A66820C8B74600679882 /* faide-lens-demo */,
				8984A67D20C8B74800679882 /* faide-lens-demoTests */,
				8984A68820C8B74800679882 /* faide-lens-demoUITests */,
				8984A66720C8B74600679882 /* Products */,
			);
			sourceTree = "<group>";
		};
		8984A66720C8B74600679882 /* Products */ = {
			isa = PBXGroup;
			children = (
				8984A66620C8B74600679882 /* faide-lens-demo.app */,
				8984A67A20C8B74800679882 /* faide-lens-demoTests.xctest */,
				8984A68520C8B74800679882 /* faide-lens-demoUITests.xctest */,
			);
			name = Products;
			sourceTree = "<group>";
		};
		8984A66820C8B74600679882 /* faide-lens-demo */ = {
			isa = PBXGroup;
			children = (
				8984A66920C8B74600679882 /* AppDelegate.swift */,
				8984A66B20C8B74600679882 /* ViewController.swift */,
				8984A66D20C8B74600679882 /* Main.storyboard */,
				8984A67020C8B74800679882 /* Assets.xcassets */,
				8984A67220C8B74800679882 /* LaunchScreen.storyboard */,
				8984A67520C8B74800679882 /* Info.plist */,
			);
			path = "faide-lens-demo";
			sourceTree = "<group>";
		};
		8984A67D20C8B74800679882 /* faide-lens-demoTests */ = {
			isa = PBXGroup;
			children = (
				8984A67E20C8B74800679882 /* faide_lens_demoTests.swift */,
				8984A68020C8B74800679882 /* Info.plist */,
			);
			path = "faide-lens-demoTests";
			sourceTree = "<group>";
		};
		8984A68820C8B74800679882 /* faide-lens-demoUITests */ = {
			isa = PBXGroup;
			children = (
				8984A68920C8B74800679882 /* faide_lens_demoUITests.swift */,
				8984A68B20C8B74800679882 /* Info.plist */,
			);
			path = "faide-lens-demoUITests";
			sourceTree = "<group>";
		};
/* End PBXGroup section */

/* Begin PBXNativeTarget section */
		8984A66520C8B74600679882 /* faide-lens-demo */ = {
			isa = PBXNativeTarget;
			buildConfigurationList = 8984A68E20C8B74800679882 /* Build configuration list for PBXNativeTarget "faide-lens-demo" */;
			buildPhases = (
				8984A66220C8B74600679882 /* Sources */,
				8984A66320C8B74600679882 /* Frameworks */,
				8984A66420C8B74600679882 /* Resources */,
			);
			buildRules = (
			);
			dependencies = (
			);
			name = "faide-lens-demo";
			productName = "faide-lens-demo";
			productReference = 8984A66620C8B74600679882 /* faide-lens-demo.app */;
			productType = "com.apple.product-type.application";
		};
		8984A67920C8B74800679882 /* faide-lens-demoTests */ = {
			isa = PBXNativeTarget;
			buildConfigurationList = 8984A69120C8B74800679882 /* Build configuration list for PBXNativeTarget "faide-lens-demoTests" */;
			buildPhases = (
				8984A67620C8B74800679882 /* Sources */,
				8984A67720C8B74800679882 /* Frameworks */,
				8984A67820C8B74800679882 /* Resources */,
			);
			buildRules = (
			);
			dependencies = (
				8984A67C20C8B74800679882 /* PBXTargetDependency */,
			);
			name = "faide-lens-demoTests";
			productName = "faide-lens-demoTests";
			productReference = 8984A67A20C8B74800679882 /* faide-lens-demoTests.xctest */;
			productType = "com.apple.product-type.bundle.unit-test";
		};
		8984A68420C8B74800679882 /* faide-lens-demoUITests */ = {
			isa = PBXNativeTarget;
			buildConfigurationList = 8984A69420C8B74800679882 /* Build configuration list for PBXNativeTarget "faide-lens-demoUITests" */;
			buildPhases = (
				8984A68120C8B74800679882 /* Sources */,
				8984A68220C8B74800679882 /* Frameworks */,
				8984A68320C8B74800679882 /* Resources */,
			);
			buildRules = (
			);
			dependencies = (
				8984A68720C8B74800679882 /* PBXTargetDependency */,
			);
			name = "faide-lens-demoUITests";
			productName = "faide-lens-demoUITests";
			productReference = 8984A68520C8B74800679882 /* faide-lens-demoUITests.xctest */;
			productType = "com.apple.product-type.bundle.ui-testing";
		};
/* End PBXNativeTarget section */

/* Begin PBXProject section */
		8984A65E20C8B74600679882 /* Project object */ = {
			isa = PBXProject;
			attributes = {
				LastSwiftUpdateCheck = 0940;
				LastUpgradeCheck = 0940;
				ORGANIZATIONNAME = "Kazuyuki Nakatsu";
				TargetAttributes = {
					8984A66520C8B74600679882 = {
						CreatedOnToolsVersion = 9.4;
					};
					8984A67920C8B74800679882 = {
						CreatedOnToolsVersion = 9.4;
						TestTargetID = 8984A66520C8B74600679882;
					};
					8984A68420C8B74800679882 = {
						CreatedOnToolsVersion = 9.4;
						TestTargetID = 8984A66520C8B74600679882;
					};
				};
			};
			buildConfigurationList = 8984A66120C8B74600679882 /* Build configuration list for PBXProject "faide-lens-demo" */;
			compatibilityVersion = "Xcode 9.3";
			developmentRegion = en;
			hasScannedForEncodings = 0;
			knownRegions = (
				en,
				Base,
			);
			mainGroup = 8984A65D20C8B74600679882;
			productRefGroup = 8984A66720C8B74600679882 /* Products */;
			projectDirPath = "";
			projectRoot = "";
			targets = (
				8984A66520C8B74600679882 /* faide-lens-demo */,
				8984A67920C8B74800679882 /* faide-lens-demoTests */,
				8984A68420C8B74800679882 /* faide-lens-demoUITests */,
			);
		};
/* End PBXProject section */

/* Begin PBXResourcesBuildPhase section */
		8984A66420C8B74600679882 /* Resources */ = {
			isa = PBXResourcesBuildPhase;
			buildActionMask = 2147483647;
			files = (
				8984A67420C8B74800679882 /* LaunchScreen.storyboard in Resources */,
				8984A67120C8B74800679882 /* Assets.xcassets in Resources */,
				8984A66F20C8B74600679882 /* Main.storyboard in Resources */,
			);
			runOnlyForDeploymentPostprocessing = 0;
		};
		8984A67820C8B74800679882 /* Resources */ = {
			isa = PBXResourcesBuildPhase;
			buildActionMask = 2147483647;
			files = (
			);
			runOnlyForDeploymentPostprocessing = 0;
		};
		8984A68320C8B74800679882 /* Resources */ = {
			isa = PBXResourcesBuildPhase;
			buildActionMask = 2147483647;
			files = (
			);
			runOnlyForDeploymentPostprocessing = 0;
		};
/* End PBXResourcesBuildPhase section */

/* Begin PBXSourcesBuildPhase section */
		8984A66220C8B74600679882 /* Sources */ = {
			isa = PBXSourcesBuildPhase;
			buildActionMask = 2147483647;
			files = (
				8984A66C20C8B74600679882 /* ViewController.swift in Sources */,
				8984A66A20C8B74600679882 /* AppDelegate.swift in Sources */,
			);
			runOnlyForDeploymentPostprocessing = 0;
		};
		8984A67620C8B74800679882 /* Sources */ = {
			isa = PBXSourcesBuildPhase;
			buildActionMask = 2147483647;
			files = (
				8984A67F20C8B74800679882 /* faide_lens_demoTests.swift in Sources */,
			);
			runOnlyForDeploymentPostprocessing = 0;
		};
		8984A68120C8B74800679882 /* Sources */ = {
			isa = PBXSourcesBuildPhase;
			buildActionMask = 2147483647;
			files = (
				8984A68A20C8B74800679882 /* faide_lens_demoUITests.swift in Sources */,
			);
			runOnlyForDeploymentPostprocessing = 0;
		};
/* End PBXSourcesBuildPhase section */

/* Begin PBXTargetDependency section */
		8984A67C20C8B74800679882 /* PBXTargetDependency */ = {
			isa = PBXTargetDependency;
			target = 8984A66520C8B74600679882 /* faide-lens-demo */;
			targetProxy = 8984A67B20C8B74800679882 /* PBXContainerItemProxy */;
		};
		8984A68720C8B74800679882 /* PBXTargetDependency */ = {
			isa = PBXTargetDependency;
			target = 8984A66520C8B74600679882 /* faide-lens-demo */;
			targetProxy = 8984A68620C8B74800679882 /* PBXContainerItemProxy */;
		};
/* End PBXTargetDependency section */

/* Begin PBXVariantGroup section */
		8984A66D20C8B74600679882 /* Main.storyboard */ = {
			isa = PBXVariantGroup;
			children = (
				8984A66E20C8B74600679882 /* Base */,
			);
			name = Main.storyboard;
			sourceTree = "<group>";
		};
		8984A67220C8B74800679882 /* LaunchScreen.storyboard */ = {
			isa = PBXVariantGroup;
			children = (
				8984A67320C8B74800679882 /* Base */,
			);
			name = LaunchScreen.storyboard;
			sourceTree = "<group>";
		};
/* End PBXVariantGroup section */

/* Begin XCBuildConfiguration section */
		8984A68C20C8B74800679882 /* Debug */ = {
			isa = XCBuildConfiguration;
			buildSettings = {
				ALWAYS_SEARCH_USER_PATHS = NO;
				CLANG_ANALYZER_NONNULL = YES;
				CLANG_ANALYZER_NUMBER_OBJECT_CONVERSION = YES_AGGRESSIVE;
				CLANG_CXX_LANGUAGE_STANDARD = "gnu++14";
				CLANG_CXX_LIBRARY = "libc++";
				CLANG_ENABLE_MODULES = YES;
				CLANG_ENABLE_OBJC_ARC = YES;
				CLANG_ENABLE_OBJC_WEAK = YES;
				CLANG_WARN_BLOCK_CAPTURE_AUTORELEASING = YES;
				CLANG_WARN_BOOL_CONVERSION = YES;
				CLANG_WARN_COMMA = YES;
				CLANG_WARN_CONSTANT_CONVERSION = YES;
				CLANG_WARN_DEPRECATED_OBJC_IMPLEMENTATIONS = YES;
				CLANG_WARN_DIRECT_OBJC_ISA_USAGE = YES_ERROR;
				CLANG_WARN_DOCUMENTATION_COMMENTS = YES;
				CLANG_WARN_EMPTY_BODY = YES;
				CLANG_WARN_ENUM_CONVERSION = YES;
				CLANG_WARN_INFINITE_RECURSION = YES;
				CLANG_WARN_INT_CONVERSION = YES;
				CLANG_WARN_NON_LITERAL_NULL_CONVERSION = YES;
				CLANG_WARN_OBJC_IMPLICIT_RETAIN_SELF = YES;
				CLANG_WARN_OBJC_LITERAL_CONVERSION = YES;
				CLANG_WARN_OBJC_ROOT_CLASS = YES_ERROR;
				CLANG_WARN_RANGE_LOOP_ANALYSIS = YES;
				CLANG_WARN_STRICT_PROTOTYPES = YES;
				CLANG_WARN_SUSPICIOUS_MOVE = YES;
				CLANG_WARN_UNGUARDED_AVAILABILITY = YES_AGGRESSIVE;
				CLANG_WARN_UNREACHABLE_CODE = YES;
				CLANG_WARN__DUPLICATE_METHOD_MATCH = YES;
				CODE_SIGN_IDENTITY = "iPhone Developer";
				COPY_PHASE_STRIP = NO;
				DEBUG_INFORMATION_FORMAT = dwarf;
				ENABLE_STRICT_OBJC_MSGSEND = YES;
				ENABLE_TESTABILITY = YES;
				GCC_C_LANGUAGE_STANDARD = gnu11;
				GCC_DYNAMIC_NO_PIC = NO;
				GCC_NO_COMMON_BLOCKS = YES;
				GCC_OPTIMIZATION_LEVEL = 0;
				GCC_PREPROCESSOR_DEFINITIONS = (
					"DEBUG=1",
					"$(inherited)",
				);
				GCC_WARN_64_TO_32_BIT_CONVERSION = YES;
				GCC_WARN_ABOUT_RETURN_TYPE = YES_ERROR;
				GCC_WARN_UNDECLARED_SELECTOR = YES;
				GCC_WARN_UNINITIALIZED_AUTOS = YES_AGGRESSIVE;
				GCC_WARN_UNUSED_FUNCTION = YES;
				GCC_WARN_UNUSED_VARIABLE = YES;
				IPHONEOS_DEPLOYMENT_TARGET = 11.4;
				MTL_ENABLE_DEBUG_INFO = YES;
				ONLY_ACTIVE_ARCH = YES;
				SDKROOT = iphoneos;
				SWIFT_ACTIVE_COMPILATION_CONDITIONS = DEBUG;
				SWIFT_OPTIMIZATION_LEVEL = "-Onone";
			};
			name = Debug;
		};
		8984A68D20C8B74800679882 /* Release */ = {
			isa = XCBuildConfiguration;
			buildSettings = {
				ALWAYS_SEARCH_USER_PATHS = NO;
				CLANG_ANALYZER_NONNULL = YES;
				CLANG_ANALYZER_NUMBER_OBJECT_CONVERSION = YES_AGGRESSIVE;
				CLANG_CXX_LANGUAGE_STANDARD = "gnu++14";
				CLANG_CXX_LIBRARY = "libc++";
				CLANG_ENABLE_MODULES = YES;
				CLANG_ENABLE_OBJC_ARC = YES;
				CLANG_ENABLE_OBJC_WEAK = YES;
				CLANG_WARN_BLOCK_CAPTURE_AUTORELEASING = YES;
				CLANG_WARN_BOOL_CONVERSION = YES;
				CLANG_WARN_COMMA = YES;
				CLANG_WARN_CONSTANT_CONVERSION = YES;
				CLANG_WARN_DEPRECATED_OBJC_IMPLEMENTATIONS = YES;
				CLANG_WARN_DIRECT_OBJC_ISA_USAGE = YES_ERROR;
				CLANG_WARN_DOCUMENTATION_COMMENTS = YES;
				CLANG_WARN_EMPTY_BODY = YES;
				CLANG_WARN_ENUM_CONVERSION = YES;
				CLANG_WARN_INFINITE_RECURSION = YES;
				CLANG_WARN_INT_CONVERSION = YES;
				CLANG_WARN_NON_LITERAL_NULL_CONVERSION = YES;
				CLANG_WARN_OBJC_IMPLICIT_RETAIN_SELF = YES;
				CLANG_WARN_OBJC_LITERAL_CONVERSION = YES;
				CLANG_WARN_OBJC_ROOT_CLASS = YES_ERROR;
				CLANG_WARN_RANGE_LOOP_ANALYSIS = YES;
				CLANG_WARN_STRICT_PROTOTYPES = YES;
				CLANG_WARN_SUSPICIOUS_MOVE = YES;
				CLANG_WARN_UNGUARDED_AVAILABILITY = YES_AGGRESSIVE;
				CLANG_WARN_UNREACHABLE_CODE = YES;
				CLANG_WARN__DUPLICATE_METHOD_MATCH = YES;
				CODE_SIGN_IDENTITY = "iPhone Developer";
				COPY_PHASE_STRIP = NO;
				DEBUG_INFORMATION_FORMAT = "dwarf-with-dsym";
				ENABLE_NS_ASSERTIONS = NO;
				ENABLE_STRICT_OBJC_MSGSEND = YES;
				GCC_C_LANGUAGE_STANDARD = gnu11;
				GCC_NO_COMMON_BLOCKS = YES;
				GCC_WARN_64_TO_32_BIT_CONVERSION = YES;
				GCC_WARN_ABOUT_RETURN_TYPE = YES_ERROR;
				GCC_WARN_UNDECLARED_SELECTOR = YES;
				GCC_WARN_UNINITIALIZED_AUTOS = YES_AGGRESSIVE;
				GCC_WARN_UNUSED_FUNCTION = YES;
				GCC_WARN_UNUSED_VARIABLE = YES;
				IPHONEOS_DEPLOYMENT_TARGET = 11.4;
				MTL_ENABLE_DEBUG_INFO = NO;
				SDKROOT = iphoneos;
				SWIFT_COMPILATION_MODE = wholemodule;
				SWIFT_OPTIMIZATION_LEVEL = "-O";
				VALIDATE_PRODUCT = YES;
			};
			name = Release;
		};
		8984A68F20C8B74800679882 /* Debug */ = {
			isa = XCBuildConfiguration;
			buildSettings = {
				ASSETCATALOG_COMPILER_APPICON_NAME = AppIcon;
				CODE_SIGN_STYLE = Automatic;
				DEVELOPMENT_TEAM = Q5575L8KNU;
				INFOPLIST_FILE = "faide-lens-demo/Info.plist";
				LD_RUNPATH_SEARCH_PATHS = (
					"$(inherited)",
					"@executable_path/Frameworks",
				);
				PRODUCT_BUNDLE_IDENTIFIER = "FlyData.faide-lens-demo";
				PRODUCT_NAME = "$(TARGET_NAME)";
				SWIFT_VERSION = 4.0;
				TARGETED_DEVICE_FAMILY = "1,2";
			};
			name = Debug;
		};
		8984A69020C8B74800679882 /* Release */ = {
			isa = XCBuildConfiguration;
			buildSettings = {
				ASSETCATALOG_COMPILER_APPICON_NAME = AppIcon;
				CODE_SIGN_STYLE = Automatic;
				DEVELOPMENT_TEAM = Q5575L8KNU;
				INFOPLIST_FILE = "faide-lens-demo/Info.plist";
				LD_RUNPATH_SEARCH_PATHS = (
					"$(inherited)",
					"@executable_path/Frameworks",
				);
				PRODUCT_BUNDLE_IDENTIFIER = "FlyData.faide-lens-demo";
				PRODUCT_NAME = "$(TARGET_NAME)";
				SWIFT_VERSION = 4.0;
				TARGETED_DEVICE_FAMILY = "1,2";
			};
			name = Release;
		};
		8984A69220C8B74800679882 /* Debug */ = {
			isa = XCBuildConfiguration;
			buildSettings = {
				ALWAYS_EMBED_SWIFT_STANDARD_LIBRARIES = YES;
				BUNDLE_LOADER = "$(TEST_HOST)";
				CODE_SIGN_STYLE = Automatic;
				INFOPLIST_FILE = "faide-lens-demoTests/Info.plist";
				LD_RUNPATH_SEARCH_PATHS = (
					"$(inherited)",
					"@executable_path/Frameworks",
					"@loader_path/Frameworks",
				);
				PRODUCT_BUNDLE_IDENTIFIER = "FlyData.faide-lens-demoTests";
				PRODUCT_NAME = "$(TARGET_NAME)";
				SWIFT_VERSION = 4.0;
				TARGETED_DEVICE_FAMILY = "1,2";
				TEST_HOST = "$(BUILT_PRODUCTS_DIR)/faide-lens-demo.app/faide-lens-demo";
			};
			name = Debug;
		};
		8984A69320C8B74800679882 /* Release */ = {
			isa = XCBuildConfiguration;
			buildSettings = {
				ALWAYS_EMBED_SWIFT_STANDARD_LIBRARIES = YES;
				BUNDLE_LOADER = "$(TEST_HOST)";
				CODE_SIGN_STYLE = Automatic;
				INFOPLIST_FILE = "faide-lens-demoTests/Info.plist";
				LD_RUNPATH_SEARCH_PATHS = (
					"$(inherited)",
					"@executable_path/Frameworks",
					"@loader_path/Frameworks",
				);
				PRODUCT_BUNDLE_IDENTIFIER = "FlyData.faide-lens-demoTests";
				PRODUCT_NAME = "$(TARGET_NAME)";
				SWIFT_VERSION = 4.0;
				TARGETED_DEVICE_FAMILY = "1,2";
				TEST_HOST = "$(BUILT_PRODUCTS_DIR)/faide-lens-demo.app/faide-lens-demo";
			};
			name = Release;
		};
		8984A69520C8B74800679882 /* Debug */ = {
			isa = XCBuildConfiguration;
			buildSettings = {
				ALWAYS_EMBED_SWIFT_STANDARD_LIBRARIES = YES;
				CODE_SIGN_STYLE = Automatic;
				INFOPLIST_FILE = "faide-lens-demoUITests/Info.plist";
				LD_RUNPATH_SEARCH_PATHS = (
					"$(inherited)",
					"@executable_path/Frameworks",
					"@loader_path/Frameworks",
				);
				PRODUCT_BUNDLE_IDENTIFIER = "FlyData.faide-lens-demoUITests";
				PRODUCT_NAME = "$(TARGET_NAME)";
				SWIFT_VERSION = 4.0;
				TARGETED_DEVICE_FAMILY = "1,2";
				TEST_TARGET_NAME = "faide-lens-demo";
			};
			name = Debug;
		};
		8984A69620C8B74800679882 /* Release */ = {
			isa = XCBuildConfiguration;
			buildSettings = {
				ALWAYS_EMBED_SWIFT_STANDARD_LIBRARIES = YES;
				CODE_SIGN_STYLE = Automatic;
				INFOPLIST_FILE = "faide-lens-demoUITests/Info.plist";
				LD_RUNPATH_SEARCH_PATHS = (
					"$(inherited)",
					"@executable_path/Frameworks",
					"@loader_path/Frameworks",
				);
				PRODUCT_BUNDLE_IDENTIFIER = "FlyData.faide-lens-demoUITests";
				PRODUCT_NAME = "$(TARGET_NAME)";
				SWIFT_VERSION = 4.0;
				TARGETED_DEVICE_FAMILY = "1,2";
				TEST_TARGET_NAME = "faide-lens-demo";
			};
			name = Release;
		};
/* End XCBuildConfiguration section */

/* Begin XCConfigurationList section */
		8984A66120C8B74600679882 /* Build configuration list for PBXProject "faide-lens-demo" */ = {
			isa = XCConfigurationList;
			buildConfigurations = (
				8984A68C20C8B74800679882 /* Debug */,
				8984A68D20C8B74800679882 /* Release */,
			);
			defaultConfigurationIsVisible = 0;
			defaultConfigurationName = Release;
		};
		8984A68E20C8B74800679882 /* Build configuration list for PBXNativeTarget "faide-lens-demo" */ = {
			isa = XCConfigurationList;
			buildConfigurations = (
				8984A68F20C8B74800679882 /* Debug */,
				8984A69020C8B74800679882 /* Release */,
			);
			defaultConfigurationIsVisible = 0;
			defaultConfigurationName = Release;
		};
		8984A69120C8B74800679882 /* Build configuration list for PBXNativeTarget "faide-lens-demoTests" */ = {
			isa = XCConfigurationList;
			buildConfigurations = (
				8984A69220C8B74800679882 /* Debug */,
				8984A69320C8B74800679882 /* Release */,
			);
			defaultConfigurationIsVisible = 0;
			defaultConfigurationName = Release;
		};
		8984A69420C8B74800679882 /* Build configuration list for PBXNativeTarget "faide-lens-demoUITests" */ = {
			isa = XCConfigurationList;
			buildConfigurations = (
				8984A69520C8B74800679882 /* Debug */,
				8984A69620C8B74800679882 /* Release */,
			);
			defaultConfigurationIsVisible = 0;
			defaultConfigurationName = Release;
		};
/* End XCConfigurationList section */
	};
	rootObject = 8984A65E20C8B74600679882 /* Project object */;
}
